
Microsoft Visual Studio Solution File, Format Version 12.00
# Visual Studio 14
VisualStudioVersion = 14.0.25420.1
MinimumVisualStudioVersion = 10.0.40219.1
Project("{2150E333-8FDC-42A3-9474-1A3956D46DE8}") = "LinkedList", "LinkedList", "{9B434EFA-9237-46A2-BD1A-6B880A960B85}"
EndProject
Project("{FAE04EC0-301F-11D3-BF4B-00C04F79EFBC}") = "LeetCode.Tests", "LinkedList.Tests\LeetCode.Tests.csproj", "{0B5CF9FE-5673-4FF6-9B3D-A4B2A1B47963}"
EndProject
Project("{FAE04EC0-301F-11D3-BF4B-00C04F79EFBC}") = "AddNumbers2", "AddNumbers2\AddNumbers2.csproj", "{E93DE59C-C0D0-43D6-B89C-A45E47B52806}"
EndProject
Project("{2150E333-8FDC-42A3-9474-1A3956D46DE8}") = "Math", "Math", "{C9DD217D-AC27-4192-B0A5-36CC852CC782}"
EndProject
Project("{FAE04EC0-301F-11D3-BF4B-00C04F79EFBC}") = "MyAtoi", "MyAtoi\MyAtoi.csproj", "{B318B2D0-5D07-480D-BF52-AF46B40B0389}"
EndProject
Project("{2150E333-8FDC-42A3-9474-1A3956D46DE8}") = "String", "String", "{1238B2B0-F6E3-4CEE-9853-25932CBE6688}"
EndProject
Project("{FAE04EC0-301F-11D3-BF4B-00C04F79EFBC}") = "ValidParentheses", "ValidParentheses\ValidParentheses.csproj", "{EC75A9FB-ED11-4B62-AE66-34008AA56B5C}"
EndProject
Project("{FAE04EC0-301F-11D3-BF4B-00C04F79EFBC}") = "LengthOfLongestSubstring", "LengthOfLongestSubstring\LengthOfLongestSubstring.csproj", "{81F2B776-913A-4EC6-8B06-A9EB409040B3}"
EndProject
Project("{FAE04EC0-301F-11D3-BF4B-00C04F79EFBC}") = "GenerateParentheses", "GenerateParentheses\GenerateParentheses.csproj", "{E5A9B33C-5B62-4FCA-B4F8-8C692A5E787D}"
EndProject
Project("{2150E333-8FDC-42A3-9474-1A3956D46DE8}") = "BackTracking", "BackTracking", "{14C44C50-2CFC-4A90-A222-A3B97FD278DD}"
EndProject
Project("{FAE04EC0-301F-11D3-BF4B-00C04F79EFBC}") = "NQueen", "NQueen\NQueen.csproj", "{60D1336D-BFAA-411F-AE32-2AF0D3D85874}"
EndProject
Project("{FAE04EC0-301F-11D3-BF4B-00C04F79EFBC}") = "Permutations", "Permutations\Permutations.csproj", "{779D1513-99DB-4062-A459-47629D76F179}"
EndProject
Project("{2150E333-8FDC-42A3-9474-1A3956D46DE8}") = "Array", "Array", "{B3F14CE0-35B4-465A-829E-C4DB86FCFE3F}"
EndProject
Project("{FAE04EC0-301F-11D3-BF4B-00C04F79EFBC}") = "RelativeRanks", "RelativeRanks\RelativeRanks.csproj", "{08B3319D-DCBF-4275-8ECF-AD09F7E58FC7}"
EndProject
Project("{FAE04EC0-301F-11D3-BF4B-00C04F79EFBC}") = "LongestPalindrome", "LongestPalindrome\LongestPalindrome.csproj", "{9EDD11D4-C8EC-4F40-92BE-47E9303A87EB}"
EndProject
Project("{FAE04EC0-301F-11D3-BF4B-00C04F79EFBC}") = "202HappyNumber", "202HappyNumber\202HappyNumber.csproj", "{8DFC00F5-DE02-4E8A-A9B0-7F5D5B732F71}"
EndProject
Global
	GlobalSection(SolutionConfigurationPlatforms) = preSolution
		Debug|Any CPU = Debug|Any CPU
		Release|Any CPU = Release|Any CPU
	EndGlobalSection
	GlobalSection(ProjectConfigurationPlatforms) = postSolution
		{0B5CF9FE-5673-4FF6-9B3D-A4B2A1B47963}.Debug|Any CPU.ActiveCfg = Debug|Any CPU
		{0B5CF9FE-5673-4FF6-9B3D-A4B2A1B47963}.Debug|Any CPU.Build.0 = Debug|Any CPU
		{0B5CF9FE-5673-4FF6-9B3D-A4B2A1B47963}.Release|Any CPU.ActiveCfg = Release|Any CPU
		{0B5CF9FE-5673-4FF6-9B3D-A4B2A1B47963}.Release|Any CPU.Build.0 = Release|Any CPU
		{E93DE59C-C0D0-43D6-B89C-A45E47B52806}.Debug|Any CPU.ActiveCfg = Debug|Any CPU
		{E93DE59C-C0D0-43D6-B89C-A45E47B52806}.Debug|Any CPU.Build.0 = Debug|Any CPU
		{E93DE59C-C0D0-43D6-B89C-A45E47B52806}.Release|Any CPU.ActiveCfg = Release|Any CPU
		{E93DE59C-C0D0-43D6-B89C-A45E47B52806}.Release|Any CPU.Build.0 = Release|Any CPU
		{B318B2D0-5D07-480D-BF52-AF46B40B0389}.Debug|Any CPU.ActiveCfg = Debug|Any CPU
		{B318B2D0-5D07-480D-BF52-AF46B40B0389}.Debug|Any CPU.Build.0 = Debug|Any CPU
		{B318B2D0-5D07-480D-BF52-AF46B40B0389}.Release|Any CPU.ActiveCfg = Release|Any CPU
		{B318B2D0-5D07-480D-BF52-AF46B40B0389}.Release|Any CPU.Build.0 = Release|Any CPU
		{EC75A9FB-ED11-4B62-AE66-34008AA56B5C}.Debug|Any CPU.ActiveCfg = Debug|Any CPU
		{EC75A9FB-ED11-4B62-AE66-34008AA56B5C}.Debug|Any CPU.Build.0 = Debug|Any CPU
		{EC75A9FB-ED11-4B62-AE66-34008AA56B5C}.Release|Any CPU.ActiveCfg = Release|Any CPU
		{EC75A9FB-ED11-4B62-AE66-34008AA56B5C}.Release|Any CPU.Build.0 = Release|Any CPU
		{81F2B776-913A-4EC6-8B06-A9EB409040B3}.Debug|Any CPU.ActiveCfg = Debug|Any CPU
		{81F2B776-913A-4EC6-8B06-A9EB409040B3}.Debug|Any CPU.Build.0 = Debug|Any CPU
		{81F2B776-913A-4EC6-8B06-A9EB409040B3}.Release|Any CPU.ActiveCfg = Release|Any CPU
		{81F2B776-913A-4EC6-8B06-A9EB409040B3}.Release|Any CPU.Build.0 = Release|Any CPU
		{E5A9B33C-5B62-4FCA-B4F8-8C692A5E787D}.Debug|Any CPU.ActiveCfg = Debug|Any CPU
		{E5A9B33C-5B62-4FCA-B4F8-8C692A5E787D}.Debug|Any CPU.Build.0 = Debug|Any CPU
		{E5A9B33C-5B62-4FCA-B4F8-8C692A5E787D}.Release|Any CPU.ActiveCfg = Release|Any CPU
		{E5A9B33C-5B62-4FCA-B4F8-8C692A5E787D}.Release|Any CPU.Build.0 = Release|Any CPU
		{60D1336D-BFAA-411F-AE32-2AF0D3D85874}.Debug|Any CPU.ActiveCfg = Debug|Any CPU
		{60D1336D-BFAA-411F-AE32-2AF0D3D85874}.Debug|Any CPU.Build.0 = Debug|Any CPU
		{60D1336D-BFAA-411F-AE32-2AF0D3D85874}.Release|Any CPU.ActiveCfg = Release|Any CPU
		{60D1336D-BFAA-411F-AE32-2AF0D3D85874}.Release|Any CPU.Build.0 = Release|Any CPU
		{779D1513-99DB-4062-A459-47629D76F179}.Debug|Any CPU.ActiveCfg = Debug|Any CPU
		{779D1513-99DB-4062-A459-47629D76F179}.Debug|Any CPU.Build.0 = Debug|Any CPU
		{779D1513-99DB-4062-A459-47629D76F179}.Release|Any CPU.ActiveCfg = Release|Any CPU
		{779D1513-99DB-4062-A459-47629D76F179}.Release|Any CPU.Build.0 = Release|Any CPU
		{08B3319D-DCBF-4275-8ECF-AD09F7E58FC7}.Debug|Any CPU.ActiveCfg = Debug|Any CPU
		{08B3319D-DCBF-4275-8ECF-AD09F7E58FC7}.Debug|Any CPU.Build.0 = Debug|Any CPU
		{08B3319D-DCBF-4275-8ECF-AD09F7E58FC7}.Release|Any CPU.ActiveCfg = Release|Any CPU
		{08B3319D-DCBF-4275-8ECF-AD09F7E58FC7}.Release|Any CPU.Build.0 = Release|Any CPU
		{9EDD11D4-C8EC-4F40-92BE-47E9303A87EB}.Debug|Any CPU.ActiveCfg = Debug|Any CPU
		{9EDD11D4-C8EC-4F40-92BE-47E9303A87EB}.Debug|Any CPU.Build.0 = Debug|Any CPU
		{9EDD11D4-C8EC-4F40-92BE-47E9303A87EB}.Release|Any CPU.ActiveCfg = Release|Any CPU
		{9EDD11D4-C8EC-4F40-92BE-47E9303A87EB}.Release|Any CPU.Build.0 = Release|Any CPU
		{8DFC00F5-DE02-4E8A-A9B0-7F5D5B732F71}.Debug|Any CPU.ActiveCfg = Debug|Any CPU
		{8DFC00F5-DE02-4E8A-A9B0-7F5D5B732F71}.Debug|Any CPU.Build.0 = Debug|Any CPU
		{8DFC00F5-DE02-4E8A-A9B0-7F5D5B732F71}.Release|Any CPU.ActiveCfg = Release|Any CPU
		{8DFC00F5-DE02-4E8A-A9B0-7F5D5B732F71}.Release|Any CPU.Build.0 = Release|Any CPU
	EndGlobalSection
	GlobalSection(SolutionProperties) = preSolution
		HideSolutionNode = FALSE
	EndGlobalSection
	GlobalSection(NestedProjects) = preSolution
		{E93DE59C-C0D0-43D6-B89C-A45E47B52806} = {9B434EFA-9237-46A2-BD1A-6B880A960B85}
		{B318B2D0-5D07-480D-BF52-AF46B40B0389} = {C9DD217D-AC27-4192-B0A5-36CC852CC782}
		{EC75A9FB-ED11-4B62-AE66-34008AA56B5C} = {1238B2B0-F6E3-4CEE-9853-25932CBE6688}
		{81F2B776-913A-4EC6-8B06-A9EB409040B3} = {1238B2B0-F6E3-4CEE-9853-25932CBE6688}
		{E5A9B33C-5B62-4FCA-B4F8-8C692A5E787D} = {14C44C50-2CFC-4A90-A222-A3B97FD278DD}
		{60D1336D-BFAA-411F-AE32-2AF0D3D85874} = {14C44C50-2CFC-4A90-A222-A3B97FD278DD}
		{779D1513-99DB-4062-A459-47629D76F179} = {14C44C50-2CFC-4A90-A222-A3B97FD278DD}
		{08B3319D-DCBF-4275-8ECF-AD09F7E58FC7} = {B3F14CE0-35B4-465A-829E-C4DB86FCFE3F}
		{9EDD11D4-C8EC-4F40-92BE-47E9303A87EB} = {B3F14CE0-35B4-465A-829E-C4DB86FCFE3F}
		{8DFC00F5-DE02-4E8A-A9B0-7F5D5B732F71} = {C9DD217D-AC27-4192-B0A5-36CC852CC782}
	EndGlobalSection
EndGlobal
