
Microsoft Visual Studio Solution File, Format Version 12.00
# Visual Studio 15
VisualStudioVersion = 15.0.27004.2006
MinimumVisualStudioVersion = 10.0.40219.1
Project("{FAE04EC0-301F-11D3-BF4B-00C04F79EFBC}") = "LeetCode.Tests", "LinkedList.Tests\LeetCode.Tests.csproj", "{0B5CF9FE-5673-4FF6-9B3D-A4B2A1B47963}"
EndProject
Project("{FAE04EC0-301F-11D3-BF4B-00C04F79EFBC}") = "_2_AddTwoNumbers", "AddNumbers2\_2_AddTwoNumbers.csproj", "{E93DE59C-C0D0-43D6-B89C-A45E47B52806}"
EndProject
Project("{FAE04EC0-301F-11D3-BF4B-00C04F79EFBC}") = "_8_MyAtoi", "MyAtoi\_8_MyAtoi.csproj", "{B318B2D0-5D07-480D-BF52-AF46B40B0389}"
EndProject
Project("{FAE04EC0-301F-11D3-BF4B-00C04F79EFBC}") = "_20_ValidParentheses", "ValidParentheses\_20_ValidParentheses.csproj", "{EC75A9FB-ED11-4B62-AE66-34008AA56B5C}"
EndProject
Project("{FAE04EC0-301F-11D3-BF4B-00C04F79EFBC}") = "_3_LengthOfLongestSubstring", "LengthOfLongestSubstring\_3_LengthOfLongestSubstring.csproj", "{81F2B776-913A-4EC6-8B06-A9EB409040B3}"
EndProject
Project("{FAE04EC0-301F-11D3-BF4B-00C04F79EFBC}") = "_22_GenerateParentheses", "GenerateParentheses\_22_GenerateParentheses.csproj", "{E5A9B33C-5B62-4FCA-B4F8-8C692A5E787D}"
EndProject
Project("{2150E333-8FDC-42A3-9474-1A3956D46DE8}") = "Medium", "Medium", "{14C44C50-2CFC-4A90-A222-A3B97FD278DD}"
EndProject
Project("{FAE04EC0-301F-11D3-BF4B-00C04F79EFBC}") = "_51_NQueen", "NQueen\_51_NQueen.csproj", "{60D1336D-BFAA-411F-AE32-2AF0D3D85874}"
EndProject
Project("{FAE04EC0-301F-11D3-BF4B-00C04F79EFBC}") = "_46_Permutations", "Permutations\_46_Permutations.csproj", "{779D1513-99DB-4062-A459-47629D76F179}"
EndProject
Project("{FAE04EC0-301F-11D3-BF4B-00C04F79EFBC}") = "_598_RangeAdditonII", "RangeAdditonII\_598_RangeAdditonII.csproj", "{9BB97AC4-6027-4EC7-88B7-CA21CB5C8A11}"
EndProject
Project("{FAE04EC0-301F-11D3-BF4B-00C04F79EFBC}") = "_447_NumberOfBoomerangs", "NumberOfBoomerangs\_447_NumberOfBoomerangs.csproj", "{38B2A590-7AD2-456A-B9E5-5B11758EDEF5}"
EndProject
Project("{2150E333-8FDC-42A3-9474-1A3956D46DE8}") = "easy", "easy", "{30AD80D8-4083-4859-BBB2-CFD95F4EE4DC}"
EndProject
Project("{FAE04EC0-301F-11D3-BF4B-00C04F79EFBC}") = "_605_CanPlaceFlowers", "605CanPlaceFlowers\_605_CanPlaceFlowers.csproj", "{196965AF-305C-4DC8-9A59-2A762B363BD8}"
EndProject
Project("{2150E333-8FDC-42A3-9474-1A3956D46DE8}") = "Hard", "Hard", "{84C32D40-6B79-49FD-BCEB-EB98905A611A}"
EndProject
Project("{FAE04EC0-301F-11D3-BF4B-00C04F79EFBC}") = "_1_TwoSum", "_1_TwoSum\_1_TwoSum.csproj", "{3294EE03-1769-4502-A556-0E31CF52CCF6}"
EndProject
Project("{FAE04EC0-301F-11D3-BF4B-00C04F79EFBC}") = "_4_MedianOfTwoSortedArrays", "_4_MedianOfTwoSortedArrays\_4_MedianOfTwoSortedArrays.csproj", "{A9405866-3EFE-4B5E-9BA5-0D80474DFDEA}"
EndProject
Project("{FAE04EC0-301F-11D3-BF4B-00C04F79EFBC}") = "_5_Longest_Palindromic_Substring", "_5_Longest_Palindromic_Substring\_5_Longest_Palindromic_Substring.csproj", "{6E653660-724E-4E29-8428-27F7AF7C4088}"
EndProject
Project("{FAE04EC0-301F-11D3-BF4B-00C04F79EFBC}") = "_6_ ZigZag_Conversion", "_6_ ZigZag_Conversion\_6_ ZigZag_Conversion.csproj", "{2EC00D35-D53A-49AE-B687-2B48C7F40CA3}"
EndProject
Project("{FAE04EC0-301F-11D3-BF4B-00C04F79EFBC}") = "_7_Reverse_Integer", "_7_Reverse_Integer\_7_Reverse_Integer.csproj", "{8ED5321C-9848-41B8-970A-25C1F86FCA69}"
EndProject
Project("{FAE04EC0-301F-11D3-BF4B-00C04F79EFBC}") = "_9_Palindrome_Number", "_9_Palindrome_Number\_9_Palindrome_Number.csproj", "{764B327F-4798-4149-819B-CE9394AD3FEB}"
EndProject
Project("{FAE04EC0-301F-11D3-BF4B-00C04F79EFBC}") = "_10_RegularExpressionMatching", "_10_RegularExpressionMatching\_10_RegularExpressionMatching.csproj", "{C824D260-736F-4EF7-B284-ECEAA17917F9}"
EndProject
Project("{FAE04EC0-301F-11D3-BF4B-00C04F79EFBC}") = "_11_ContainerWithMostWater", "_11_ContainerWithMostWater\_11_ContainerWithMostWater.csproj", "{2C8F313B-457A-45E8-869F-A55C926CF0EB}"
EndProject
Project("{FAE04EC0-301F-11D3-BF4B-00C04F79EFBC}") = "_12_IntegerToRoman", "_12_IntegerToRoman\_12_IntegerToRoman.csproj", "{F1634A5F-07C5-41FA-894A-A89B05D33369}"
EndProject
Project("{FAE04EC0-301F-11D3-BF4B-00C04F79EFBC}") = "_13_RomanToInteger", "_13_RomanToInteger\_13_RomanToInteger.csproj", "{620551FF-E0C3-4D5D-9810-89DED07DC36A}"
EndProject
Project("{FAE04EC0-301F-11D3-BF4B-00C04F79EFBC}") = "_14_Longest_Common_Prefix", "_14_Longest_Common_Prefix\_14_Longest_Common_Prefix.csproj", "{29F20853-D514-4555-AFA6-F61529F27CAB}"
EndProject
Project("{FAE04EC0-301F-11D3-BF4B-00C04F79EFBC}") = "_15_3Sum", "_15_3Sum\_15_3Sum.csproj", "{C93B52D7-A4D2-4A16-992D-824C78337396}"
EndProject
Project("{FAE04EC0-301F-11D3-BF4B-00C04F79EFBC}") = "_16_3Sum Closest", "_16_3Sum Closest\_16_3Sum Closest.csproj", "{8D6DC21F-A223-4CB2-9DDC-E0137A32B9FE}"
EndProject
Project("{FAE04EC0-301F-11D3-BF4B-00C04F79EFBC}") = "_17_LetterCombinationsOfAPhoneNumber", "_17_LetterCombinationsOfAPhoneNumber\_17_LetterCombinationsOfAPhoneNumber.csproj", "{D77B060A-311B-49E7-9F3D-392FDB0D0DAC}"
EndProject
Project("{FAE04EC0-301F-11D3-BF4B-00C04F79EFBC}") = "_18_4Sum", "_18_4Sum\_18_4Sum.csproj", "{5BEE686F-1969-4AFC-AD2E-5D3DA920DB5E}"
EndProject
Project("{FAE04EC0-301F-11D3-BF4B-00C04F79EFBC}") = "_19_RemoveNthNodeFromEndofList", "_19_RemoveNthNodeFromEndofList\_19_RemoveNthNodeFromEndofList.csproj", "{C300C96C-8EEA-42AC-B29C-A48285EEDE88}"
EndProject
Global
	GlobalSection(SolutionConfigurationPlatforms) = preSolution
		Debug|Any CPU = Debug|Any CPU
		Release|Any CPU = Release|Any CPU
	EndGlobalSection
	GlobalSection(ProjectConfigurationPlatforms) = postSolution
		{0B5CF9FE-5673-4FF6-9B3D-A4B2A1B47963}.Debug|Any CPU.ActiveCfg = Debug|Any CPU
		{0B5CF9FE-5673-4FF6-9B3D-A4B2A1B47963}.Debug|Any CPU.Build.0 = Debug|Any CPU
		{0B5CF9FE-5673-4FF6-9B3D-A4B2A1B47963}.Release|Any CPU.ActiveCfg = Release|Any CPU
		{0B5CF9FE-5673-4FF6-9B3D-A4B2A1B47963}.Release|Any CPU.Build.0 = Release|Any CPU
		{E93DE59C-C0D0-43D6-B89C-A45E47B52806}.Debug|Any CPU.ActiveCfg = Debug|Any CPU
		{E93DE59C-C0D0-43D6-B89C-A45E47B52806}.Debug|Any CPU.Build.0 = Debug|Any CPU
		{E93DE59C-C0D0-43D6-B89C-A45E47B52806}.Release|Any CPU.ActiveCfg = Release|Any CPU
		{E93DE59C-C0D0-43D6-B89C-A45E47B52806}.Release|Any CPU.Build.0 = Release|Any CPU
		{B318B2D0-5D07-480D-BF52-AF46B40B0389}.Debug|Any CPU.ActiveCfg = Debug|Any CPU
		{B318B2D0-5D07-480D-BF52-AF46B40B0389}.Debug|Any CPU.Build.0 = Debug|Any CPU
		{B318B2D0-5D07-480D-BF52-AF46B40B0389}.Release|Any CPU.ActiveCfg = Release|Any CPU
		{B318B2D0-5D07-480D-BF52-AF46B40B0389}.Release|Any CPU.Build.0 = Release|Any CPU
		{EC75A9FB-ED11-4B62-AE66-34008AA56B5C}.Debug|Any CPU.ActiveCfg = Debug|Any CPU
		{EC75A9FB-ED11-4B62-AE66-34008AA56B5C}.Debug|Any CPU.Build.0 = Debug|Any CPU
		{EC75A9FB-ED11-4B62-AE66-34008AA56B5C}.Release|Any CPU.ActiveCfg = Release|Any CPU
		{EC75A9FB-ED11-4B62-AE66-34008AA56B5C}.Release|Any CPU.Build.0 = Release|Any CPU
		{81F2B776-913A-4EC6-8B06-A9EB409040B3}.Debug|Any CPU.ActiveCfg = Debug|Any CPU
		{81F2B776-913A-4EC6-8B06-A9EB409040B3}.Debug|Any CPU.Build.0 = Debug|Any CPU
		{81F2B776-913A-4EC6-8B06-A9EB409040B3}.Release|Any CPU.ActiveCfg = Release|Any CPU
		{81F2B776-913A-4EC6-8B06-A9EB409040B3}.Release|Any CPU.Build.0 = Release|Any CPU
		{E5A9B33C-5B62-4FCA-B4F8-8C692A5E787D}.Debug|Any CPU.ActiveCfg = Debug|Any CPU
		{E5A9B33C-5B62-4FCA-B4F8-8C692A5E787D}.Debug|Any CPU.Build.0 = Debug|Any CPU
		{E5A9B33C-5B62-4FCA-B4F8-8C692A5E787D}.Release|Any CPU.ActiveCfg = Release|Any CPU
		{E5A9B33C-5B62-4FCA-B4F8-8C692A5E787D}.Release|Any CPU.Build.0 = Release|Any CPU
		{60D1336D-BFAA-411F-AE32-2AF0D3D85874}.Debug|Any CPU.ActiveCfg = Debug|Any CPU
		{60D1336D-BFAA-411F-AE32-2AF0D3D85874}.Debug|Any CPU.Build.0 = Debug|Any CPU
		{60D1336D-BFAA-411F-AE32-2AF0D3D85874}.Release|Any CPU.ActiveCfg = Release|Any CPU
		{60D1336D-BFAA-411F-AE32-2AF0D3D85874}.Release|Any CPU.Build.0 = Release|Any CPU
		{779D1513-99DB-4062-A459-47629D76F179}.Debug|Any CPU.ActiveCfg = Debug|Any CPU
		{779D1513-99DB-4062-A459-47629D76F179}.Debug|Any CPU.Build.0 = Debug|Any CPU
		{779D1513-99DB-4062-A459-47629D76F179}.Release|Any CPU.ActiveCfg = Release|Any CPU
		{779D1513-99DB-4062-A459-47629D76F179}.Release|Any CPU.Build.0 = Release|Any CPU
		{9BB97AC4-6027-4EC7-88B7-CA21CB5C8A11}.Debug|Any CPU.ActiveCfg = Debug|Any CPU
		{9BB97AC4-6027-4EC7-88B7-CA21CB5C8A11}.Debug|Any CPU.Build.0 = Debug|Any CPU
		{9BB97AC4-6027-4EC7-88B7-CA21CB5C8A11}.Release|Any CPU.ActiveCfg = Release|Any CPU
		{9BB97AC4-6027-4EC7-88B7-CA21CB5C8A11}.Release|Any CPU.Build.0 = Release|Any CPU
		{38B2A590-7AD2-456A-B9E5-5B11758EDEF5}.Debug|Any CPU.ActiveCfg = Debug|Any CPU
		{38B2A590-7AD2-456A-B9E5-5B11758EDEF5}.Debug|Any CPU.Build.0 = Debug|Any CPU
		{38B2A590-7AD2-456A-B9E5-5B11758EDEF5}.Release|Any CPU.ActiveCfg = Release|Any CPU
		{38B2A590-7AD2-456A-B9E5-5B11758EDEF5}.Release|Any CPU.Build.0 = Release|Any CPU
		{196965AF-305C-4DC8-9A59-2A762B363BD8}.Debug|Any CPU.ActiveCfg = Debug|Any CPU
		{196965AF-305C-4DC8-9A59-2A762B363BD8}.Debug|Any CPU.Build.0 = Debug|Any CPU
		{196965AF-305C-4DC8-9A59-2A762B363BD8}.Release|Any CPU.ActiveCfg = Release|Any CPU
		{196965AF-305C-4DC8-9A59-2A762B363BD8}.Release|Any CPU.Build.0 = Release|Any CPU
		{3294EE03-1769-4502-A556-0E31CF52CCF6}.Debug|Any CPU.ActiveCfg = Debug|Any CPU
		{3294EE03-1769-4502-A556-0E31CF52CCF6}.Debug|Any CPU.Build.0 = Debug|Any CPU
		{3294EE03-1769-4502-A556-0E31CF52CCF6}.Release|Any CPU.ActiveCfg = Release|Any CPU
		{3294EE03-1769-4502-A556-0E31CF52CCF6}.Release|Any CPU.Build.0 = Release|Any CPU
		{A9405866-3EFE-4B5E-9BA5-0D80474DFDEA}.Debug|Any CPU.ActiveCfg = Debug|Any CPU
		{A9405866-3EFE-4B5E-9BA5-0D80474DFDEA}.Debug|Any CPU.Build.0 = Debug|Any CPU
		{A9405866-3EFE-4B5E-9BA5-0D80474DFDEA}.Release|Any CPU.ActiveCfg = Release|Any CPU
		{A9405866-3EFE-4B5E-9BA5-0D80474DFDEA}.Release|Any CPU.Build.0 = Release|Any CPU
		{6E653660-724E-4E29-8428-27F7AF7C4088}.Debug|Any CPU.ActiveCfg = Debug|Any CPU
		{6E653660-724E-4E29-8428-27F7AF7C4088}.Debug|Any CPU.Build.0 = Debug|Any CPU
		{6E653660-724E-4E29-8428-27F7AF7C4088}.Release|Any CPU.ActiveCfg = Release|Any CPU
		{6E653660-724E-4E29-8428-27F7AF7C4088}.Release|Any CPU.Build.0 = Release|Any CPU
		{2EC00D35-D53A-49AE-B687-2B48C7F40CA3}.Debug|Any CPU.ActiveCfg = Debug|Any CPU
		{2EC00D35-D53A-49AE-B687-2B48C7F40CA3}.Debug|Any CPU.Build.0 = Debug|Any CPU
		{2EC00D35-D53A-49AE-B687-2B48C7F40CA3}.Release|Any CPU.ActiveCfg = Release|Any CPU
		{2EC00D35-D53A-49AE-B687-2B48C7F40CA3}.Release|Any CPU.Build.0 = Release|Any CPU
		{8ED5321C-9848-41B8-970A-25C1F86FCA69}.Debug|Any CPU.ActiveCfg = Debug|Any CPU
		{8ED5321C-9848-41B8-970A-25C1F86FCA69}.Debug|Any CPU.Build.0 = Debug|Any CPU
		{8ED5321C-9848-41B8-970A-25C1F86FCA69}.Release|Any CPU.ActiveCfg = Release|Any CPU
		{8ED5321C-9848-41B8-970A-25C1F86FCA69}.Release|Any CPU.Build.0 = Release|Any CPU
		{764B327F-4798-4149-819B-CE9394AD3FEB}.Debug|Any CPU.ActiveCfg = Debug|Any CPU
		{764B327F-4798-4149-819B-CE9394AD3FEB}.Debug|Any CPU.Build.0 = Debug|Any CPU
		{764B327F-4798-4149-819B-CE9394AD3FEB}.Release|Any CPU.ActiveCfg = Release|Any CPU
		{764B327F-4798-4149-819B-CE9394AD3FEB}.Release|Any CPU.Build.0 = Release|Any CPU
		{C824D260-736F-4EF7-B284-ECEAA17917F9}.Debug|Any CPU.ActiveCfg = Debug|Any CPU
		{C824D260-736F-4EF7-B284-ECEAA17917F9}.Debug|Any CPU.Build.0 = Debug|Any CPU
		{C824D260-736F-4EF7-B284-ECEAA17917F9}.Release|Any CPU.ActiveCfg = Release|Any CPU
		{C824D260-736F-4EF7-B284-ECEAA17917F9}.Release|Any CPU.Build.0 = Release|Any CPU
		{2C8F313B-457A-45E8-869F-A55C926CF0EB}.Debug|Any CPU.ActiveCfg = Debug|Any CPU
		{2C8F313B-457A-45E8-869F-A55C926CF0EB}.Debug|Any CPU.Build.0 = Debug|Any CPU
		{2C8F313B-457A-45E8-869F-A55C926CF0EB}.Release|Any CPU.ActiveCfg = Release|Any CPU
		{2C8F313B-457A-45E8-869F-A55C926CF0EB}.Release|Any CPU.Build.0 = Release|Any CPU
		{F1634A5F-07C5-41FA-894A-A89B05D33369}.Debug|Any CPU.ActiveCfg = Debug|Any CPU
		{F1634A5F-07C5-41FA-894A-A89B05D33369}.Debug|Any CPU.Build.0 = Debug|Any CPU
		{F1634A5F-07C5-41FA-894A-A89B05D33369}.Release|Any CPU.ActiveCfg = Release|Any CPU
		{F1634A5F-07C5-41FA-894A-A89B05D33369}.Release|Any CPU.Build.0 = Release|Any CPU
		{620551FF-E0C3-4D5D-9810-89DED07DC36A}.Debug|Any CPU.ActiveCfg = Debug|Any CPU
		{620551FF-E0C3-4D5D-9810-89DED07DC36A}.Debug|Any CPU.Build.0 = Debug|Any CPU
		{620551FF-E0C3-4D5D-9810-89DED07DC36A}.Release|Any CPU.ActiveCfg = Release|Any CPU
		{620551FF-E0C3-4D5D-9810-89DED07DC36A}.Release|Any CPU.Build.0 = Release|Any CPU
		{29F20853-D514-4555-AFA6-F61529F27CAB}.Debug|Any CPU.ActiveCfg = Debug|Any CPU
		{29F20853-D514-4555-AFA6-F61529F27CAB}.Debug|Any CPU.Build.0 = Debug|Any CPU
		{29F20853-D514-4555-AFA6-F61529F27CAB}.Release|Any CPU.ActiveCfg = Release|Any CPU
		{29F20853-D514-4555-AFA6-F61529F27CAB}.Release|Any CPU.Build.0 = Release|Any CPU
		{C93B52D7-A4D2-4A16-992D-824C78337396}.Debug|Any CPU.ActiveCfg = Debug|Any CPU
		{C93B52D7-A4D2-4A16-992D-824C78337396}.Debug|Any CPU.Build.0 = Debug|Any CPU
		{C93B52D7-A4D2-4A16-992D-824C78337396}.Release|Any CPU.ActiveCfg = Release|Any CPU
		{C93B52D7-A4D2-4A16-992D-824C78337396}.Release|Any CPU.Build.0 = Release|Any CPU
		{8D6DC21F-A223-4CB2-9DDC-E0137A32B9FE}.Debug|Any CPU.ActiveCfg = Debug|Any CPU
		{8D6DC21F-A223-4CB2-9DDC-E0137A32B9FE}.Debug|Any CPU.Build.0 = Debug|Any CPU
		{8D6DC21F-A223-4CB2-9DDC-E0137A32B9FE}.Release|Any CPU.ActiveCfg = Release|Any CPU
		{8D6DC21F-A223-4CB2-9DDC-E0137A32B9FE}.Release|Any CPU.Build.0 = Release|Any CPU
		{D77B060A-311B-49E7-9F3D-392FDB0D0DAC}.Debug|Any CPU.ActiveCfg = Debug|Any CPU
		{D77B060A-311B-49E7-9F3D-392FDB0D0DAC}.Debug|Any CPU.Build.0 = Debug|Any CPU
		{D77B060A-311B-49E7-9F3D-392FDB0D0DAC}.Release|Any CPU.ActiveCfg = Release|Any CPU
		{D77B060A-311B-49E7-9F3D-392FDB0D0DAC}.Release|Any CPU.Build.0 = Release|Any CPU
		{5BEE686F-1969-4AFC-AD2E-5D3DA920DB5E}.Debug|Any CPU.ActiveCfg = Debug|Any CPU
		{5BEE686F-1969-4AFC-AD2E-5D3DA920DB5E}.Debug|Any CPU.Build.0 = Debug|Any CPU
		{5BEE686F-1969-4AFC-AD2E-5D3DA920DB5E}.Release|Any CPU.ActiveCfg = Release|Any CPU
		{5BEE686F-1969-4AFC-AD2E-5D3DA920DB5E}.Release|Any CPU.Build.0 = Release|Any CPU
		{C300C96C-8EEA-42AC-B29C-A48285EEDE88}.Debug|Any CPU.ActiveCfg = Debug|Any CPU
		{C300C96C-8EEA-42AC-B29C-A48285EEDE88}.Debug|Any CPU.Build.0 = Debug|Any CPU
		{C300C96C-8EEA-42AC-B29C-A48285EEDE88}.Release|Any CPU.ActiveCfg = Release|Any CPU
		{C300C96C-8EEA-42AC-B29C-A48285EEDE88}.Release|Any CPU.Build.0 = Release|Any CPU
	EndGlobalSection
	GlobalSection(SolutionProperties) = preSolution
		HideSolutionNode = FALSE
	EndGlobalSection
	GlobalSection(NestedProjects) = preSolution
		{E93DE59C-C0D0-43D6-B89C-A45E47B52806} = {14C44C50-2CFC-4A90-A222-A3B97FD278DD}
		{B318B2D0-5D07-480D-BF52-AF46B40B0389} = {14C44C50-2CFC-4A90-A222-A3B97FD278DD}
		{EC75A9FB-ED11-4B62-AE66-34008AA56B5C} = {30AD80D8-4083-4859-BBB2-CFD95F4EE4DC}
		{81F2B776-913A-4EC6-8B06-A9EB409040B3} = {14C44C50-2CFC-4A90-A222-A3B97FD278DD}
		{E5A9B33C-5B62-4FCA-B4F8-8C692A5E787D} = {14C44C50-2CFC-4A90-A222-A3B97FD278DD}
		{60D1336D-BFAA-411F-AE32-2AF0D3D85874} = {84C32D40-6B79-49FD-BCEB-EB98905A611A}
		{779D1513-99DB-4062-A459-47629D76F179} = {14C44C50-2CFC-4A90-A222-A3B97FD278DD}
		{9BB97AC4-6027-4EC7-88B7-CA21CB5C8A11} = {30AD80D8-4083-4859-BBB2-CFD95F4EE4DC}
		{38B2A590-7AD2-456A-B9E5-5B11758EDEF5} = {30AD80D8-4083-4859-BBB2-CFD95F4EE4DC}
		{196965AF-305C-4DC8-9A59-2A762B363BD8} = {30AD80D8-4083-4859-BBB2-CFD95F4EE4DC}
		{3294EE03-1769-4502-A556-0E31CF52CCF6} = {30AD80D8-4083-4859-BBB2-CFD95F4EE4DC}
		{A9405866-3EFE-4B5E-9BA5-0D80474DFDEA} = {84C32D40-6B79-49FD-BCEB-EB98905A611A}
		{6E653660-724E-4E29-8428-27F7AF7C4088} = {14C44C50-2CFC-4A90-A222-A3B97FD278DD}
		{2EC00D35-D53A-49AE-B687-2B48C7F40CA3} = {14C44C50-2CFC-4A90-A222-A3B97FD278DD}
		{8ED5321C-9848-41B8-970A-25C1F86FCA69} = {30AD80D8-4083-4859-BBB2-CFD95F4EE4DC}
		{764B327F-4798-4149-819B-CE9394AD3FEB} = {30AD80D8-4083-4859-BBB2-CFD95F4EE4DC}
		{C824D260-736F-4EF7-B284-ECEAA17917F9} = {84C32D40-6B79-49FD-BCEB-EB98905A611A}
		{2C8F313B-457A-45E8-869F-A55C926CF0EB} = {14C44C50-2CFC-4A90-A222-A3B97FD278DD}
		{F1634A5F-07C5-41FA-894A-A89B05D33369} = {14C44C50-2CFC-4A90-A222-A3B97FD278DD}
		{620551FF-E0C3-4D5D-9810-89DED07DC36A} = {30AD80D8-4083-4859-BBB2-CFD95F4EE4DC}
		{29F20853-D514-4555-AFA6-F61529F27CAB} = {30AD80D8-4083-4859-BBB2-CFD95F4EE4DC}
		{C93B52D7-A4D2-4A16-992D-824C78337396} = {14C44C50-2CFC-4A90-A222-A3B97FD278DD}
		{8D6DC21F-A223-4CB2-9DDC-E0137A32B9FE} = {14C44C50-2CFC-4A90-A222-A3B97FD278DD}
		{D77B060A-311B-49E7-9F3D-392FDB0D0DAC} = {14C44C50-2CFC-4A90-A222-A3B97FD278DD}
		{5BEE686F-1969-4AFC-AD2E-5D3DA920DB5E} = {14C44C50-2CFC-4A90-A222-A3B97FD278DD}
		{C300C96C-8EEA-42AC-B29C-A48285EEDE88} = {14C44C50-2CFC-4A90-A222-A3B97FD278DD}
	EndGlobalSection
	GlobalSection(ExtensibilityGlobals) = postSolution
		SolutionGuid = {A4C927E0-EC97-4DF3-B358-5648EE8D0BCB}
	EndGlobalSection
EndGlobal
